{
  "name": "DeliveryManager",
  "lockfileVersion": 3,
  "requires": true,
  "packages": {
    "": {
      "devDependencies": {
        "web-vitals": "^4.0.0"
      }
    },
    "node_modules/web-vitals": {
      "version": "4.0.0",
      "resolved": "https://registry.npmjs.org/web-vitals/-/web-vitals-4.0.0.tgz",
      "integrity": "sha512-8wQd4jkwFRwY5q3yAmHZAJ5MjnKR1vRACK+g2OEC8nUqi0WOxBrXfOxGNlJ+QtxzzSn/TkQO58wkW0coE68n0Q==",
      "dev": true
    }
  }
}
